// !$*UTF8*$!
{
	archiveVersion = 1;
	classes = {
	};
	objectVersion = 52;
	objects = {

/* Begin PBXBuildFile section */
		3A90586E25C8501800D5713B /* JSONPictureTableViewCell.swift in Sources */ = {isa = PBXBuildFile; fileRef = 3A90586C25C8501800D5713B /* JSONPictureTableViewCell.swift */; };
		3A90586F25C8501800D5713B /* JSONPictureTableViewCell.xib in Resources */ = {isa = PBXBuildFile; fileRef = 3A90586D25C8501800D5713B /* JSONPictureTableViewCell.xib */; };
		3A90587225C8518300D5713B /* JSONPictureCellViewModel.swift in Sources */ = {isa = PBXBuildFile; fileRef = 3A90587125C8518300D5713B /* JSONPictureCellViewModel.swift */; };
		3A90587525C8523900D5713B /* SelectorCellViewModel.swift in Sources */ = {isa = PBXBuildFile; fileRef = 3A90587425C8523900D5713B /* SelectorCellViewModel.swift */; };
		3A9E026E25C56B390082B885 /* TableViewController.swift in Sources */ = {isa = PBXBuildFile; fileRef = 3A9E026D25C56B390082B885 /* TableViewController.swift */; };
		3A9E027325C56B8D0082B885 /* NetworkManager.swift in Sources */ = {isa = PBXBuildFile; fileRef = 3A9E027225C56B8D0082B885 /* NetworkManager.swift */; };
		3A9E027E25C623CC0082B885 /* PictureTableViewCell.swift in Sources */ = {isa = PBXBuildFile; fileRef = 3A9E027C25C623CC0082B885 /* PictureTableViewCell.swift */; };
		3A9E027F25C623CC0082B885 /* PictureTableViewCell.xib in Resources */ = {isa = PBXBuildFile; fileRef = 3A9E027D25C623CC0082B885 /* PictureTableViewCell.xib */; };
		3A9E028325C628A90082B885 /* Kingfisher in Frameworks */ = {isa = PBXBuildFile; productRef = 3A9E028225C628A90082B885 /* Kingfisher */; };
		3AA94F0D25C7EA4B00CADCFF /* AdaptedTableView.swift in Sources */ = {isa = PBXBuildFile; fileRef = 3AA94F0C25C7EA4B00CADCFF /* AdaptedTableView.swift */; };
		3AA94F1125C7EAF300CADCFF /* AdaptedViewModelInputProtocol.swift in Sources */ = {isa = PBXBuildFile; fileRef = 3AA94F1025C7EAF300CADCFF /* AdaptedViewModelInputProtocol.swift */; };
		3AA94F1425C7EC8100CADCFF /* AdaptedCellProtocol.swift in Sources */ = {isa = PBXBuildFile; fileRef = 3AA94F1325C7EC8100CADCFF /* AdaptedCellProtocol.swift */; };
		3AA94F1725C7ED8400CADCFF /* AdaptedCellFactoryProtocol.swift in Sources */ = {isa = PBXBuildFile; fileRef = 3AA94F1625C7ED8400CADCFF /* AdaptedCellFactoryProtocol.swift */; };
		3AA94F2925C7F62E00CADCFF /* HZTableViewCell.swift in Sources */ = {isa = PBXBuildFile; fileRef = 3AA94F2725C7F62E00CADCFF /* HZTableViewCell.swift */; };
		3AA94F2A25C7F62E00CADCFF /* HZTableViewCell.xib in Resources */ = {isa = PBXBuildFile; fileRef = 3AA94F2825C7F62E00CADCFF /* HZTableViewCell.xib */; };
		3AA94F3325C7F66400CADCFF /* SelectorTableViewCell.swift in Sources */ = {isa = PBXBuildFile; fileRef = 3AA94F3125C7F66400CADCFF /* SelectorTableViewCell.swift */; };
		3AA94F3425C7F66400CADCFF /* SelectorTableViewCell.xib in Resources */ = {isa = PBXBuildFile; fileRef = 3AA94F3225C7F66400CADCFF /* SelectorTableViewCell.xib */; };
		3AA94F3725C7F69400CADCFF /* HZCellViewModel.swift in Sources */ = {isa = PBXBuildFile; fileRef = 3AA94F3625C7F69400CADCFF /* HZCellViewModel.swift */; };
		3AA94F3A25C7F91D00CADCFF /* AdaptedSectionView.swift in Sources */ = {isa = PBXBuildFile; fileRef = 3AA94F3925C7F91D00CADCFF /* AdaptedSectionView.swift */; };
		3AA94F3D25C7F98000CADCFF /* AdaptedSectionViewModel.swift in Sources */ = {isa = PBXBuildFile; fileRef = 3AA94F3C25C7F98000CADCFF /* AdaptedSectionViewModel.swift */; };
		3AA94F4125C7FA5E00CADCFF /* MainCellFactory.swift in Sources */ = {isa = PBXBuildFile; fileRef = 3AA94F4025C7FA5E00CADCFF /* MainCellFactory.swift */; };
		3AA94F4425C7FAA800CADCFF /* AdaptedSectionFactoryProtocol.swift in Sources */ = {isa = PBXBuildFile; fileRef = 3AA94F4325C7FAA800CADCFF /* AdaptedSectionFactoryProtocol.swift */; };
		3AA94F4725C7FCB800CADCFF /* MainViewModel.swift in Sources */ = {isa = PBXBuildFile; fileRef = 3AA94F4625C7FCB800CADCFF /* MainViewModel.swift */; };
		3AA94F4A25C7FD4E00CADCFF /* ViewController.swift in Sources */ = {isa = PBXBuildFile; fileRef = 3AA94F4925C7FD4E00CADCFF /* ViewController.swift */; };
		3AFF66A725C497A0002A0488 /* AppDelegate.swift in Sources */ = {isa = PBXBuildFile; fileRef = 3AFF66A625C497A0002A0488 /* AppDelegate.swift */; };
		3AFF66A925C497A0002A0488 /* SceneDelegate.swift in Sources */ = {isa = PBXBuildFile; fileRef = 3AFF66A825C497A0002A0488 /* SceneDelegate.swift */; };
		3AFF66AE25C497A0002A0488 /* Main.storyboard in Resources */ = {isa = PBXBuildFile; fileRef = 3AFF66AC25C497A0002A0488 /* Main.storyboard */; };
		3AFF66B025C497A2002A0488 /* Assets.xcassets in Resources */ = {isa = PBXBuildFile; fileRef = 3AFF66AF25C497A2002A0488 /* Assets.xcassets */; };
		3AFF66B325C497A2002A0488 /* LaunchScreen.storyboard in Resources */ = {isa = PBXBuildFile; fileRef = 3AFF66B125C497A2002A0488 /* LaunchScreen.storyboard */; };
		3AFF66D025C4A487002A0488 /* Alamofire in Frameworks */ = {isa = PBXBuildFile; productRef = 3AFF66CF25C4A487002A0488 /* Alamofire */; };
		3AFF66EF25C4AEBC002A0488 /* PryanikyJSON.swift in Sources */ = {isa = PBXBuildFile; fileRef = 3AFF66EE25C4AEBC002A0488 /* PryanikyJSON.swift */; };
/* End PBXBuildFile section */

/* Begin PBXFileReference section */
		3A90586C25C8501800D5713B /* JSONPictureTableViewCell.swift */ = {isa = PBXFileReference; lastKnownFileType = sourcecode.swift; path = JSONPictureTableViewCell.swift; sourceTree = "<group>"; };
		3A90586D25C8501800D5713B /* JSONPictureTableViewCell.xib */ = {isa = PBXFileReference; lastKnownFileType = file.xib; path = JSONPictureTableViewCell.xib; sourceTree = "<group>"; };
		3A90587125C8518300D5713B /* JSONPictureCellViewModel.swift */ = {isa = PBXFileReference; lastKnownFileType = sourcecode.swift; path = JSONPictureCellViewModel.swift; sourceTree = "<group>"; };
		3A90587425C8523900D5713B /* SelectorCellViewModel.swift */ = {isa = PBXFileReference; lastKnownFileType = sourcecode.swift; path = SelectorCellViewModel.swift; sourceTree = "<group>"; };
		3A9E026D25C56B390082B885 /* TableViewController.swift */ = {isa = PBXFileReference; lastKnownFileType = sourcecode.swift; path = TableViewController.swift; sourceTree = "<group>"; };
		3A9E027225C56B8D0082B885 /* NetworkManager.swift */ = {isa = PBXFileReference; lastKnownFileType = sourcecode.swift; path = NetworkManager.swift; sourceTree = "<group>"; };
		3A9E027C25C623CC0082B885 /* PictureTableViewCell.swift */ = {isa = PBXFileReference; lastKnownFileType = sourcecode.swift; path = PictureTableViewCell.swift; sourceTree = "<group>"; };
		3A9E027D25C623CC0082B885 /* PictureTableViewCell.xib */ = {isa = PBXFileReference; lastKnownFileType = file.xib; path = PictureTableViewCell.xib; sourceTree = "<group>"; };
		3AA94F0C25C7EA4B00CADCFF /* AdaptedTableView.swift */ = {isa = PBXFileReference; lastKnownFileType = sourcecode.swift; path = AdaptedTableView.swift; sourceTree = "<group>"; };
		3AA94F1025C7EAF300CADCFF /* AdaptedViewModelInputProtocol.swift */ = {isa = PBXFileReference; lastKnownFileType = sourcecode.swift; path = AdaptedViewModelInputProtocol.swift; sourceTree = "<group>"; };
		3AA94F1325C7EC8100CADCFF /* AdaptedCellProtocol.swift */ = {isa = PBXFileReference; lastKnownFileType = sourcecode.swift; path = AdaptedCellProtocol.swift; sourceTree = "<group>"; };
		3AA94F1625C7ED8400CADCFF /* AdaptedCellFactoryProtocol.swift */ = {isa = PBXFileReference; lastKnownFileType = sourcecode.swift; path = AdaptedCellFactoryProtocol.swift; sourceTree = "<group>"; };
		3AA94F2725C7F62E00CADCFF /* HZTableViewCell.swift */ = {isa = PBXFileReference; lastKnownFileType = sourcecode.swift; path = HZTableViewCell.swift; sourceTree = "<group>"; };
		3AA94F2825C7F62E00CADCFF /* HZTableViewCell.xib */ = {isa = PBXFileReference; lastKnownFileType = file.xib; path = HZTableViewCell.xib; sourceTree = "<group>"; };
		3AA94F3125C7F66400CADCFF /* SelectorTableViewCell.swift */ = {isa = PBXFileReference; lastKnownFileType = sourcecode.swift; path = SelectorTableViewCell.swift; sourceTree = "<group>"; };
		3AA94F3225C7F66400CADCFF /* SelectorTableViewCell.xib */ = {isa = PBXFileReference; lastKnownFileType = file.xib; path = SelectorTableViewCell.xib; sourceTree = "<group>"; };
		3AA94F3625C7F69400CADCFF /* HZCellViewModel.swift */ = {isa = PBXFileReference; lastKnownFileType = sourcecode.swift; path = HZCellViewModel.swift; sourceTree = "<group>"; };
		3AA94F3925C7F91D00CADCFF /* AdaptedSectionView.swift */ = {isa = PBXFileReference; lastKnownFileType = sourcecode.swift; path = AdaptedSectionView.swift; sourceTree = "<group>"; };
		3AA94F3C25C7F98000CADCFF /* AdaptedSectionViewModel.swift */ = {isa = PBXFileReference; lastKnownFileType = sourcecode.swift; path = AdaptedSectionViewModel.swift; sourceTree = "<group>"; };
		3AA94F4025C7FA5E00CADCFF /* MainCellFactory.swift */ = {isa = PBXFileReference; lastKnownFileType = sourcecode.swift; path = MainCellFactory.swift; sourceTree = "<group>"; };
		3AA94F4325C7FAA800CADCFF /* AdaptedSectionFactoryProtocol.swift */ = {isa = PBXFileReference; lastKnownFileType = sourcecode.swift; path = AdaptedSectionFactoryProtocol.swift; sourceTree = "<group>"; };
		3AA94F4625C7FCB800CADCFF /* MainViewModel.swift */ = {isa = PBXFileReference; lastKnownFileType = sourcecode.swift; path = MainViewModel.swift; sourceTree = "<group>"; };
		3AA94F4925C7FD4E00CADCFF /* ViewController.swift */ = {isa = PBXFileReference; lastKnownFileType = sourcecode.swift; path = ViewController.swift; sourceTree = "<group>"; };
		3AFF66A325C497A0002A0488 /* TestJSON.app */ = {isa = PBXFileReference; explicitFileType = wrapper.application; includeInIndex = 0; path = TestJSON.app; sourceTree = BUILT_PRODUCTS_DIR; };
		3AFF66A625C497A0002A0488 /* AppDelegate.swift */ = {isa = PBXFileReference; lastKnownFileType = sourcecode.swift; path = AppDelegate.swift; sourceTree = "<group>"; };
		3AFF66A825C497A0002A0488 /* SceneDelegate.swift */ = {isa = PBXFileReference; lastKnownFileType = sourcecode.swift; path = SceneDelegate.swift; sourceTree = "<group>"; };
		3AFF66AD25C497A0002A0488 /* Base */ = {isa = PBXFileReference; lastKnownFileType = file.storyboard; name = Base; path = Base.lproj/Main.storyboard; sourceTree = "<group>"; };
		3AFF66AF25C497A2002A0488 /* Assets.xcassets */ = {isa = PBXFileReference; lastKnownFileType = folder.assetcatalog; path = Assets.xcassets; sourceTree = "<group>"; };
		3AFF66B225C497A2002A0488 /* Base */ = {isa = PBXFileReference; lastKnownFileType = file.storyboard; name = Base; path = Base.lproj/LaunchScreen.storyboard; sourceTree = "<group>"; };
		3AFF66B425C497A2002A0488 /* Info.plist */ = {isa = PBXFileReference; lastKnownFileType = text.plist.xml; path = Info.plist; sourceTree = "<group>"; };
		3AFF66EE25C4AEBC002A0488 /* PryanikyJSON.swift */ = {isa = PBXFileReference; lastKnownFileType = sourcecode.swift; path = PryanikyJSON.swift; sourceTree = "<group>"; };
/* End PBXFileReference section */

/* Begin PBXFrameworksBuildPhase section */
		3AFF66A025C497A0002A0488 /* Frameworks */ = {
			isa = PBXFrameworksBuildPhase;
			buildActionMask = 2147483647;
			files = (
				3A9E028325C628A90082B885 /* Kingfisher in Frameworks */,
				3AFF66D025C4A487002A0488 /* Alamofire in Frameworks */,
			);
			runOnlyForDeploymentPostprocessing = 0;
		};
/* End PBXFrameworksBuildPhase section */

/* Begin PBXGroup section */
		3A9E026C25C56B1E0082B885 /* Controller */ = {
			isa = PBXGroup;
			children = (
				3A9E026D25C56B390082B885 /* TableViewController.swift */,
			);
			path = Controller;
			sourceTree = "<group>";
		};
		3A9E027625C6238B0082B885 /* View */ = {
			isa = PBXGroup;
			children = (
				3AA94F1E25C7F14E00CADCFF /* Cell */,
				3A9E027C25C623CC0082B885 /* PictureTableViewCell.swift */,
				3A9E027D25C623CC0082B885 /* PictureTableViewCell.xib */,
			);
			path = View;
			sourceTree = "<group>";
		};
		3AA94F0925C7E79600CADCFF /* Core */ = {
			isa = PBXGroup;
			children = (
				3AFF66D425C4A49A002A0488 /* NetworkManager */,
			);
			path = Core;
			sourceTree = "<group>";
		};
		3AA94F0A25C7E7AA00CADCFF /* Entity */ = {
			isa = PBXGroup;
			children = (
				3AFF66EE25C4AEBC002A0488 /* PryanikyJSON.swift */,
			);
			path = Entity;
			sourceTree = "<group>";
		};
		3AA94F1E25C7F14E00CADCFF /* Cell */ = {
			isa = PBXGroup;
			children = (
				3AA94F2125C7F17B00CADCFF /* SelectorCell */,
				3AA94F2025C7F17300CADCFF /* PictureCell */,
				3AA94F1F25C7F16D00CADCFF /* HZCell */,
				3AA94F4025C7FA5E00CADCFF /* MainCellFactory.swift */,
			);
			path = Cell;
			sourceTree = "<group>";
		};
		3AA94F1F25C7F16D00CADCFF /* HZCell */ = {
			isa = PBXGroup;
			children = (
				3AA94F2725C7F62E00CADCFF /* HZTableViewCell.swift */,
				3AA94F3625C7F69400CADCFF /* HZCellViewModel.swift */,
				3AA94F2825C7F62E00CADCFF /* HZTableViewCell.xib */,
			);
			path = HZCell;
			sourceTree = "<group>";
		};
		3AA94F2025C7F17300CADCFF /* PictureCell */ = {
			isa = PBXGroup;
			children = (
				3A90586C25C8501800D5713B /* JSONPictureTableViewCell.swift */,
				3A90587125C8518300D5713B /* JSONPictureCellViewModel.swift */,
				3A90586D25C8501800D5713B /* JSONPictureTableViewCell.xib */,
			);
			path = PictureCell;
			sourceTree = "<group>";
		};
		3AA94F2125C7F17B00CADCFF /* SelectorCell */ = {
			isa = PBXGroup;
			children = (
				3AA94F3125C7F66400CADCFF /* SelectorTableViewCell.swift */,
				3A90587425C8523900D5713B /* SelectorCellViewModel.swift */,
				3AA94F3225C7F66400CADCFF /* SelectorTableViewCell.xib */,
			);
			path = SelectorCell;
			sourceTree = "<group>";
		};
		3AA94F2225C7F5DF00CADCFF /* Protocols */ = {
			isa = PBXGroup;
			children = (
				3AA94F0C25C7EA4B00CADCFF /* AdaptedTableView.swift */,
				3AA94F1325C7EC8100CADCFF /* AdaptedCellProtocol.swift */,
				3AA94F1625C7ED8400CADCFF /* AdaptedCellFactoryProtocol.swift */,
				3AA94F1025C7EAF300CADCFF /* AdaptedViewModelInputProtocol.swift */,
				3AA94F3925C7F91D00CADCFF /* AdaptedSectionView.swift */,
				3AA94F3C25C7F98000CADCFF /* AdaptedSectionViewModel.swift */,
				3AA94F4325C7FAA800CADCFF /* AdaptedSectionFactoryProtocol.swift */,
			);
			path = Protocols;
			sourceTree = "<group>";
		};
		3AFF669A25C497A0002A0488 = {
			isa = PBXGroup;
			children = (
				3AFF66A525C497A0002A0488 /* TestJSON */,
				3AFF66A425C497A0002A0488 /* Products */,
			);
			sourceTree = "<group>";
		};
		3AFF66A425C497A0002A0488 /* Products */ = {
			isa = PBXGroup;
			children = (
				3AFF66A325C497A0002A0488 /* TestJSON.app */,
			);
			name = Products;
			sourceTree = "<group>";
		};
		3AFF66A525C497A0002A0488 /* TestJSON */ = {
			isa = PBXGroup;
			children = (
				3A9E027625C6238B0082B885 /* View */,
				3A9E026C25C56B1E0082B885 /* Controller */,
				3AA94F0925C7E79600CADCFF /* Core */,
				3AFF66DB25C4A6FB002A0488 /* Model */,
				3AA94F2225C7F5DF00CADCFF /* Protocols */,
				3AFF66A625C497A0002A0488 /* AppDelegate.swift */,
				3AFF66A825C497A0002A0488 /* SceneDelegate.swift */,
				3AFF66AC25C497A0002A0488 /* Main.storyboard */,
				3AA94F4925C7FD4E00CADCFF /* ViewController.swift */,
				3AFF66AF25C497A2002A0488 /* Assets.xcassets */,
				3AFF66B125C497A2002A0488 /* LaunchScreen.storyboard */,
				3AFF66B425C497A2002A0488 /* Info.plist */,
			);
			path = TestJSON;
			sourceTree = "<group>";
		};
		3AFF66D425C4A49A002A0488 /* NetworkManager */ = {
			isa = PBXGroup;
			children = (
				3A9E027225C56B8D0082B885 /* NetworkManager.swift */,
			);
			path = NetworkManager;
			sourceTree = "<group>";
		};
		3AFF66DB25C4A6FB002A0488 /* Model */ = {
			isa = PBXGroup;
			children = (
				3AA94F0A25C7E7AA00CADCFF /* Entity */,
				3AA94F4625C7FCB800CADCFF /* MainViewModel.swift */,
			);
			path = Model;
			sourceTree = "<group>";
		};
/* End PBXGroup section */

/* Begin PBXNativeTarget section */
		3AFF66A225C497A0002A0488 /* TestJSON */ = {
			isa = PBXNativeTarget;
			buildConfigurationList = 3AFF66B725C497A2002A0488 /* Build configuration list for PBXNativeTarget "TestJSON" */;
			buildPhases = (
				3AFF669F25C497A0002A0488 /* Sources */,
				3AFF66A025C497A0002A0488 /* Frameworks */,
				3AFF66A125C497A0002A0488 /* Resources */,
			);
			buildRules = (
			);
			dependencies = (
			);
			name = TestJSON;
			packageProductDependencies = (
				3AFF66CF25C4A487002A0488 /* Alamofire */,
				3A9E028225C628A90082B885 /* Kingfisher */,
			);
			productName = TestJSON;
			productReference = 3AFF66A325C497A0002A0488 /* TestJSON.app */;
			productType = "com.apple.product-type.application";
		};
/* End PBXNativeTarget section */

/* Begin PBXProject section */
		3AFF669B25C497A0002A0488 /* Project object */ = {
			isa = PBXProject;
			attributes = {
				LastSwiftUpdateCheck = 1230;
				LastUpgradeCheck = 1230;
				TargetAttributes = {
					3AFF66A225C497A0002A0488 = {
						CreatedOnToolsVersion = 12.3;
					};
				};
			};
			buildConfigurationList = 3AFF669E25C497A0002A0488 /* Build configuration list for PBXProject "TestJSON" */;
			compatibilityVersion = "Xcode 9.3";
			developmentRegion = en;
			hasScannedForEncodings = 0;
			knownRegions = (
				en,
				Base,
			);
			mainGroup = 3AFF669A25C497A0002A0488;
			packageReferences = (
				3AFF66CE25C4A487002A0488 /* XCRemoteSwiftPackageReference "Alamofire" */,
				3A9E028125C628A90082B885 /* XCRemoteSwiftPackageReference "Kingfisher" */,
			);
			productRefGroup = 3AFF66A425C497A0002A0488 /* Products */;
			projectDirPath = "";
			projectRoot = "";
			targets = (
				3AFF66A225C497A0002A0488 /* TestJSON */,
			);
		};
/* End PBXProject section */

/* Begin PBXResourcesBuildPhase section */
		3AFF66A125C497A0002A0488 /* Resources */ = {
			isa = PBXResourcesBuildPhase;
			buildActionMask = 2147483647;
			files = (
				3AA94F3425C7F66400CADCFF /* SelectorTableViewCell.xib in Resources */,
				3A90586F25C8501800D5713B /* JSONPictureTableViewCell.xib in Resources */,
				3A9E027F25C623CC0082B885 /* PictureTableViewCell.xib in Resources */,
				3AFF66B325C497A2002A0488 /* LaunchScreen.storyboard in Resources */,
				3AA94F2A25C7F62E00CADCFF /* HZTableViewCell.xib in Resources */,
				3AFF66B025C497A2002A0488 /* Assets.xcassets in Resources */,
				3AFF66AE25C497A0002A0488 /* Main.storyboard in Resources */,
			);
			runOnlyForDeploymentPostprocessing = 0;
		};
/* End PBXResourcesBuildPhase section */

/* Begin PBXSourcesBuildPhase section */
		3AFF669F25C497A0002A0488 /* Sources */ = {
			isa = PBXSourcesBuildPhase;
			buildActionMask = 2147483647;
			files = (
				3A9E027325C56B8D0082B885 /* NetworkManager.swift in Sources */,
				3AA94F4A25C7FD4E00CADCFF /* ViewController.swift in Sources */,
				3AFF66EF25C4AEBC002A0488 /* PryanikyJSON.swift in Sources */,
				3AA94F3325C7F66400CADCFF /* SelectorTableViewCell.swift in Sources */,
				3AA94F4425C7FAA800CADCFF /* AdaptedSectionFactoryProtocol.swift in Sources */,
				3A90587225C8518300D5713B /* JSONPictureCellViewModel.swift in Sources */,
				3AA94F0D25C7EA4B00CADCFF /* AdaptedTableView.swift in Sources */,
				3A90586E25C8501800D5713B /* JSONPictureTableViewCell.swift in Sources */,
				3AA94F3D25C7F98000CADCFF /* AdaptedSectionViewModel.swift in Sources */,
				3AA94F1425C7EC8100CADCFF /* AdaptedCellProtocol.swift in Sources */,
				3AA94F2925C7F62E00CADCFF /* HZTableViewCell.swift in Sources */,
				3AA94F3725C7F69400CADCFF /* HZCellViewModel.swift in Sources */,
				3AA94F1725C7ED8400CADCFF /* AdaptedCellFactoryProtocol.swift in Sources */,
				3AA94F3A25C7F91D00CADCFF /* AdaptedSectionView.swift in Sources */,
				3A9E026E25C56B390082B885 /* TableViewController.swift in Sources */,
				3A9E027E25C623CC0082B885 /* PictureTableViewCell.swift in Sources */,
				3AFF66A725C497A0002A0488 /* AppDelegate.swift in Sources */,
				3AA94F4125C7FA5E00CADCFF /* MainCellFactory.swift in Sources */,
				3AFF66A925C497A0002A0488 /* SceneDelegate.swift in Sources */,
				3AA94F1125C7EAF300CADCFF /* AdaptedViewModelInputProtocol.swift in Sources */,
				3AA94F4725C7FCB800CADCFF /* MainViewModel.swift in Sources */,
				3A90587525C8523900D5713B /* SelectorCellViewModel.swift in Sources */,
			);
			runOnlyForDeploymentPostprocessing = 0;
		};
/* End PBXSourcesBuildPhase section */

/* Begin PBXVariantGroup section */
		3AFF66AC25C497A0002A0488 /* Main.storyboard */ = {
			isa = PBXVariantGroup;
			children = (
				3AFF66AD25C497A0002A0488 /* Base */,
			);
			name = Main.storyboard;
			sourceTree = "<group>";
		};
		3AFF66B125C497A2002A0488 /* LaunchScreen.storyboard */ = {
			isa = PBXVariantGroup;
			children = (
				3AFF66B225C497A2002A0488 /* Base */,
			);
			name = LaunchScreen.storyboard;
			sourceTree = "<group>";
		};
/* End PBXVariantGroup section */

/* Begin XCBuildConfiguration section */
		3AFF66B525C497A2002A0488 /* Debug */ = {
			isa = XCBuildConfiguration;
			buildSettings = {
				ALWAYS_SEARCH_USER_PATHS = NO;
				CLANG_ANALYZER_NONNULL = YES;
				CLANG_ANALYZER_NUMBER_OBJECT_CONVERSION = YES_AGGRESSIVE;
				CLANG_CXX_LANGUAGE_STANDARD = "gnu++14";
				CLANG_CXX_LIBRARY = "libc++";
				CLANG_ENABLE_MODULES = YES;
				CLANG_ENABLE_OBJC_ARC = YES;
				CLANG_ENABLE_OBJC_WEAK = YES;
				CLANG_WARN_BLOCK_CAPTURE_AUTORELEASING = YES;
				CLANG_WARN_BOOL_CONVERSION = YES;
				CLANG_WARN_COMMA = YES;
				CLANG_WARN_CONSTANT_CONVERSION = YES;
				CLANG_WARN_DEPRECATED_OBJC_IMPLEMENTATIONS = YES;
				CLANG_WARN_DIRECT_OBJC_ISA_USAGE = YES_ERROR;
				CLANG_WARN_DOCUMENTATION_COMMENTS = YES;
				CLANG_WARN_EMPTY_BODY = YES;
				CLANG_WARN_ENUM_CONVERSION = YES;
				CLANG_WARN_INFINITE_RECURSION = YES;
				CLANG_WARN_INT_CONVERSION = YES;
				CLANG_WARN_NON_LITERAL_NULL_CONVERSION = YES;
				CLANG_WARN_OBJC_IMPLICIT_RETAIN_SELF = YES;
				CLANG_WARN_OBJC_LITERAL_CONVERSION = YES;
				CLANG_WARN_OBJC_ROOT_CLASS = YES_ERROR;
				CLANG_WARN_QUOTED_INCLUDE_IN_FRAMEWORK_HEADER = YES;
				CLANG_WARN_RANGE_LOOP_ANALYSIS = YES;
				CLANG_WARN_STRICT_PROTOTYPES = YES;
				CLANG_WARN_SUSPICIOUS_MOVE = YES;
				CLANG_WARN_UNGUARDED_AVAILABILITY = YES_AGGRESSIVE;
				CLANG_WARN_UNREACHABLE_CODE = YES;
				CLANG_WARN__DUPLICATE_METHOD_MATCH = YES;
				COPY_PHASE_STRIP = NO;
				DEBUG_INFORMATION_FORMAT = dwarf;
				ENABLE_STRICT_OBJC_MSGSEND = YES;
				ENABLE_TESTABILITY = YES;
				GCC_C_LANGUAGE_STANDARD = gnu11;
				GCC_DYNAMIC_NO_PIC = NO;
				GCC_NO_COMMON_BLOCKS = YES;
				GCC_OPTIMIZATION_LEVEL = 0;
				GCC_PREPROCESSOR_DEFINITIONS = (
					"DEBUG=1",
					"$(inherited)",
				);
				GCC_WARN_64_TO_32_BIT_CONVERSION = YES;
				GCC_WARN_ABOUT_RETURN_TYPE = YES_ERROR;
				GCC_WARN_UNDECLARED_SELECTOR = YES;
				GCC_WARN_UNINITIALIZED_AUTOS = YES_AGGRESSIVE;
				GCC_WARN_UNUSED_FUNCTION = YES;
				GCC_WARN_UNUSED_VARIABLE = YES;
				IPHONEOS_DEPLOYMENT_TARGET = 14.3;
				MTL_ENABLE_DEBUG_INFO = INCLUDE_SOURCE;
				MTL_FAST_MATH = YES;
				ONLY_ACTIVE_ARCH = YES;
				SDKROOT = iphoneos;
				SWIFT_ACTIVE_COMPILATION_CONDITIONS = DEBUG;
				SWIFT_OPTIMIZATION_LEVEL = "-Onone";
			};
			name = Debug;
		};
		3AFF66B625C497A2002A0488 /* Release */ = {
			isa = XCBuildConfiguration;
			buildSettings = {
				ALWAYS_SEARCH_USER_PATHS = NO;
				CLANG_ANALYZER_NONNULL = YES;
				CLANG_ANALYZER_NUMBER_OBJECT_CONVERSION = YES_AGGRESSIVE;
				CLANG_CXX_LANGUAGE_STANDARD = "gnu++14";
				CLANG_CXX_LIBRARY = "libc++";
				CLANG_ENABLE_MODULES = YES;
				CLANG_ENABLE_OBJC_ARC = YES;
				CLANG_ENABLE_OBJC_WEAK = YES;
				CLANG_WARN_BLOCK_CAPTURE_AUTORELEASING = YES;
				CLANG_WARN_BOOL_CONVERSION = YES;
				CLANG_WARN_COMMA = YES;
				CLANG_WARN_CONSTANT_CONVERSION = YES;
				CLANG_WARN_DEPRECATED_OBJC_IMPLEMENTATIONS = YES;
				CLANG_WARN_DIRECT_OBJC_ISA_USAGE = YES_ERROR;
				CLANG_WARN_DOCUMENTATION_COMMENTS = YES;
				CLANG_WARN_EMPTY_BODY = YES;
				CLANG_WARN_ENUM_CONVERSION = YES;
				CLANG_WARN_INFINITE_RECURSION = YES;
				CLANG_WARN_INT_CONVERSION = YES;
				CLANG_WARN_NON_LITERAL_NULL_CONVERSION = YES;
				CLANG_WARN_OBJC_IMPLICIT_RETAIN_SELF = YES;
				CLANG_WARN_OBJC_LITERAL_CONVERSION = YES;
				CLANG_WARN_OBJC_ROOT_CLASS = YES_ERROR;
				CLANG_WARN_QUOTED_INCLUDE_IN_FRAMEWORK_HEADER = YES;
				CLANG_WARN_RANGE_LOOP_ANALYSIS = YES;
				CLANG_WARN_STRICT_PROTOTYPES = YES;
				CLANG_WARN_SUSPICIOUS_MOVE = YES;
				CLANG_WARN_UNGUARDED_AVAILABILITY = YES_AGGRESSIVE;
				CLANG_WARN_UNREACHABLE_CODE = YES;
				CLANG_WARN__DUPLICATE_METHOD_MATCH = YES;
				COPY_PHASE_STRIP = NO;
				DEBUG_INFORMATION_FORMAT = "dwarf-with-dsym";
				ENABLE_NS_ASSERTIONS = NO;
				ENABLE_STRICT_OBJC_MSGSEND = YES;
				GCC_C_LANGUAGE_STANDARD = gnu11;
				GCC_NO_COMMON_BLOCKS = YES;
				GCC_WARN_64_TO_32_BIT_CONVERSION = YES;
				GCC_WARN_ABOUT_RETURN_TYPE = YES_ERROR;
				GCC_WARN_UNDECLARED_SELECTOR = YES;
				GCC_WARN_UNINITIALIZED_AUTOS = YES_AGGRESSIVE;
				GCC_WARN_UNUSED_FUNCTION = YES;
				GCC_WARN_UNUSED_VARIABLE = YES;
				IPHONEOS_DEPLOYMENT_TARGET = 14.3;
				MTL_ENABLE_DEBUG_INFO = NO;
				MTL_FAST_MATH = YES;
				SDKROOT = iphoneos;
				SWIFT_COMPILATION_MODE = wholemodule;
				SWIFT_OPTIMIZATION_LEVEL = "-O";
				VALIDATE_PRODUCT = YES;
			};
			name = Release;
		};
		3AFF66B825C497A2002A0488 /* Debug */ = {
			isa = XCBuildConfiguration;
			buildSettings = {
				ASSETCATALOG_COMPILER_APPICON_NAME = AppIcon;
				ASSETCATALOG_COMPILER_GLOBAL_ACCENT_COLOR_NAME = AccentColor;
				CODE_SIGN_STYLE = Automatic;
				DEVELOPMENT_TEAM = 6L8Y48RX9J;
				INFOPLIST_FILE = TestJSON/Info.plist;
				LD_RUNPATH_SEARCH_PATHS = (
					"$(inherited)",
					"@executable_path/Frameworks",
				);
				PRODUCT_BUNDLE_IDENTIFIER = Personal.TestJSON;
				PRODUCT_NAME = "$(TARGET_NAME)";
				SWIFT_VERSION = 5.0;
				TARGETED_DEVICE_FAMILY = "1,2";
			};
			name = Debug;
		};
		3AFF66B925C497A2002A0488 /* Release */ = {
			isa = XCBuildConfiguration;
			buildSettings = {
				ASSETCATALOG_COMPILER_APPICON_NAME = AppIcon;
				ASSETCATALOG_COMPILER_GLOBAL_ACCENT_COLOR_NAME = AccentColor;
				CODE_SIGN_STYLE = Automatic;
				DEVELOPMENT_TEAM = 6L8Y48RX9J;
				INFOPLIST_FILE = TestJSON/Info.plist;
				LD_RUNPATH_SEARCH_PATHS = (
					"$(inherited)",
					"@executable_path/Frameworks",
				);
				PRODUCT_BUNDLE_IDENTIFIER = Personal.TestJSON;
				PRODUCT_NAME = "$(TARGET_NAME)";
				SWIFT_VERSION = 5.0;
				TARGETED_DEVICE_FAMILY = "1,2";
			};
			name = Release;
		};
/* End XCBuildConfiguration section */

/* Begin XCConfigurationList section */
		3AFF669E25C497A0002A0488 /* Build configuration list for PBXProject "TestJSON" */ = {
			isa = XCConfigurationList;
			buildConfigurations = (
				3AFF66B525C497A2002A0488 /* Debug */,
				3AFF66B625C497A2002A0488 /* Release */,
			);
			defaultConfigurationIsVisible = 0;
			defaultConfigurationName = Release;
		};
		3AFF66B725C497A2002A0488 /* Build configuration list for PBXNativeTarget "TestJSON" */ = {
			isa = XCConfigurationList;
			buildConfigurations = (
				3AFF66B825C497A2002A0488 /* Debug */,
				3AFF66B925C497A2002A0488 /* Release */,
			);
			defaultConfigurationIsVisible = 0;
			defaultConfigurationName = Release;
		};
/* End XCConfigurationList section */

/* Begin XCRemoteSwiftPackageReference section */
		3A9E028125C628A90082B885 /* XCRemoteSwiftPackageReference "Kingfisher" */ = {
			isa = XCRemoteSwiftPackageReference;
			repositoryURL = "https://github.com/onevcat/Kingfisher";
			requirement = {
				kind = upToNextMajorVersion;
				minimumVersion = 6.0.1;
			};
		};
		3AFF66CE25C4A487002A0488 /* XCRemoteSwiftPackageReference "Alamofire" */ = {
			isa = XCRemoteSwiftPackageReference;
			repositoryURL = "https://github.com/Alamofire/Alamofire";
			requirement = {
				kind = upToNextMajorVersion;
				minimumVersion = 5.4.1;
			};
		};
/* End XCRemoteSwiftPackageReference section */

/* Begin XCSwiftPackageProductDependency section */
		3A9E028225C628A90082B885 /* Kingfisher */ = {
			isa = XCSwiftPackageProductDependency;
			package = 3A9E028125C628A90082B885 /* XCRemoteSwiftPackageReference "Kingfisher" */;
			productName = Kingfisher;
		};
		3AFF66CF25C4A487002A0488 /* Alamofire */ = {
			isa = XCSwiftPackageProductDependency;
			package = 3AFF66CE25C4A487002A0488 /* XCRemoteSwiftPackageReference "Alamofire" */;
			productName = Alamofire;
		};
/* End XCSwiftPackageProductDependency section */
	};
	rootObject = 3AFF669B25C497A0002A0488 /* Project object */;
}
